Microsoft Visual Studio Solution File, Format Version 12.00
# Visual Studio Version 17
VisualStudioVersion = 17.5.2.0
MinimumVisualStudioVersion = 10.0.40219.1
Project("{FAE04EC0-301F-11D3-BF4B-00C04F79EFBC}") = "AULauncher", "AULauncher/AULauncher.csproj", "{68AE4E4E-48F0-1EEC-026B-7700814B0F73}"
EndProject
Global
	GlobalSection(SolutionConfigurationPlatforms) = preSolution
		Debug|Any CPU = Debug|Any CPU
		Release|Any CPU = Release|Any CPU
	EndGlobalSection
	GlobalSection(ProjectConfigurationPlatforms) = postSolution
		{68AE4E4E-48F0-1EEC-026B-7700814B0F73}.Debug|Any CPU.ActiveCfg = Debug|Any CPU
		{68AE4E4E-48F0-1EEC-026B-7700814B0F73}.Debug|Any CPU.Build.0 = Debug|Any CPU
		{68AE4E4E-48F0-1EEC-026B-7700814B0F73}.Release|Any CPU.ActiveCfg = Release|Any CPU
		{68AE4E4E-48F0-1EEC-026B-7700814B0F73}.Release|Any CPU.Build.0 = Release|Any CPU
		{A234B6C7-D21E-4E15-A917-FF142B0A1234}.Debug|Any CPU.ActiveCfg = Debug|Any CPU
		{A234B6C7-D21E-4E15-A917-FF142B0A1234}.Debug|Any CPU.Build.0 = Debug|Any CPU
		{A234B6C7-D21E-4E15-A917-FF142B0A1234}.Release|Any CPU.ActiveCfg = Release|Any CPU
		{A234B6C7-D21E-4E15-A917-FF142B0A1234}.Release|Any CPU.Build.0 = Release|Any CPU
	EndGlobalSection
	GlobalSection(SolutionProperties) = preSolution
		HideSolutionNode = FALSE
	EndGlobalSection
	GlobalSection(ExtensibilityGlobals) = postSolution
		SolutionGuid = {CEBCBD8B-2078-4FAF-A0C9-472624DB54C6}
	EndGlobalSection
EndGlobal
